{
  "originHash" : "fe0407b9fe7936fd967663484bc1de0c4575881a4fa37f1ff0bd936eaee2effc",
  "pins" : [
    {
      "identity" : "darajaswiftpackage",
      "kind" : "remoteSourceControl",
      "location" : "https://github.com/VictorKabata/DarajaSwiftPackage.git",
      "state" : {
        "revision" : "0bd2a5c839165918603ee5bf84aa5495ea2ff6e4",
        "version" : "0.0.1"
      }
    }
  ],
  "version" : 3
}
