// !$*UTF8*$!
{
	archiveVersion = 1;
	classes = {
	};
	objectVersion = 56;
	objects = {

/* Begin PBXBuildFile section */
		1CA02C102A7DA0ED00FCC929 /* app_iOSApp.swift in Sources */ = {isa = PBXBuildFile; fileRef = 1CA02C0F2A7DA0ED00FCC929 /* app_iOSApp.swift */; };
		1CA02C122A7DA0ED00FCC929 /* ContentView.swift in Sources */ = {isa = PBXBuildFile; fileRef = 1CA02C112A7DA0ED00FCC929 /* ContentView.swift */; };
		1CA02C142A7DA0EE00FCC929 /* Assets.xcassets in Resources */ = {isa = PBXBuildFile; fileRef = 1CA02C132A7DA0EE00FCC929 /* Assets.xcassets */; };
		1CA02C172A7DA0EE00FCC929 /* Preview Assets.xcassets in Resources */ = {isa = PBXBuildFile; fileRef = 1CA02C162A7DA0EE00FCC929 /* Preview Assets.xcassets */; };
		1CA02C212A7DA0EE00FCC929 /* app_iOSTests.swift in Sources */ = {isa = PBXBuildFile; fileRef = 1CA02C202A7DA0EE00FCC929 /* app_iOSTests.swift */; };
		1CA02C2B2A7DA0EE00FCC929 /* app_iOSUITests.swift in Sources */ = {isa = PBXBuildFile; fileRef = 1CA02C2A2A7DA0EE00FCC929 /* app_iOSUITests.swift */; };
		1CA02C2D2A7DA0EE00FCC929 /* app_iOSUITestsLaunchTests.swift in Sources */ = {isa = PBXBuildFile; fileRef = 1CA02C2C2A7DA0EE00FCC929 /* app_iOSUITestsLaunchTests.swift */; };
/* End PBXBuildFile section */

/* Begin PBXContainerItemProxy section */
		1CA02C1D2A7DA0EE00FCC929 /* PBXContainerItemProxy */ = {
			isa = PBXContainerItemProxy;
			containerPortal = 1CA02C042A7DA0ED00FCC929 /* Project object */;
			proxyType = 1;
			remoteGlobalIDString = 1CA02C0B2A7DA0ED00FCC929;
			remoteInfo = "app-iOS";
		};
		1CA02C272A7DA0EE00FCC929 /* PBXContainerItemProxy */ = {
			isa = PBXContainerItemProxy;
			containerPortal = 1CA02C042A7DA0ED00FCC929 /* Project object */;
			proxyType = 1;
			remoteGlobalIDString = 1CA02C0B2A7DA0ED00FCC929;
			remoteInfo = "app-iOS";
		};
/* End PBXContainerItemProxy section */

/* Begin PBXFileReference section */
		1CA02C0C2A7DA0ED00FCC929 /* app-iOS.app */ = {isa = PBXFileReference; explicitFileType = wrapper.application; includeInIndex = 0; path = "app-iOS.app"; sourceTree = BUILT_PRODUCTS_DIR; };
		1CA02C0F2A7DA0ED00FCC929 /* app_iOSApp.swift */ = {isa = PBXFileReference; lastKnownFileType = sourcecode.swift; path = app_iOSApp.swift; sourceTree = "<group>"; };
		1CA02C112A7DA0ED00FCC929 /* ContentView.swift */ = {isa = PBXFileReference; lastKnownFileType = sourcecode.swift; path = ContentView.swift; sourceTree = "<group>"; };
		1CA02C132A7DA0EE00FCC929 /* Assets.xcassets */ = {isa = PBXFileReference; lastKnownFileType = folder.assetcatalog; path = Assets.xcassets; sourceTree = "<group>"; };
		1CA02C162A7DA0EE00FCC929 /* Preview Assets.xcassets */ = {isa = PBXFileReference; lastKnownFileType = folder.assetcatalog; path = "Preview Assets.xcassets"; sourceTree = "<group>"; };
		1CA02C1C2A7DA0EE00FCC929 /* app-iOSTests.xctest */ = {isa = PBXFileReference; explicitFileType = wrapper.cfbundle; includeInIndex = 0; path = "app-iOSTests.xctest"; sourceTree = BUILT_PRODUCTS_DIR; };
		1CA02C202A7DA0EE00FCC929 /* app_iOSTests.swift */ = {isa = PBXFileReference; lastKnownFileType = sourcecode.swift; path = app_iOSTests.swift; sourceTree = "<group>"; };
		1CA02C262A7DA0EE00FCC929 /* app-iOSUITests.xctest */ = {isa = PBXFileReference; explicitFileType = wrapper.cfbundle; includeInIndex = 0; path = "app-iOSUITests.xctest"; sourceTree = BUILT_PRODUCTS_DIR; };
		1CA02C2A2A7DA0EE00FCC929 /* app_iOSUITests.swift */ = {isa = PBXFileReference; lastKnownFileType = sourcecode.swift; path = app_iOSUITests.swift; sourceTree = "<group>"; };
		1CA02C2C2A7DA0EE00FCC929 /* app_iOSUITestsLaunchTests.swift */ = {isa = PBXFileReference; lastKnownFileType = sourcecode.swift; path = app_iOSUITestsLaunchTests.swift; sourceTree = "<group>"; };
/* End PBXFileReference section */

/* Begin PBXFrameworksBuildPhase section */
		1CA02C092A7DA0ED00FCC929 /* Frameworks */ = {
			isa = PBXFrameworksBuildPhase;
			buildActionMask = 2147483647;
			files = (
			);
			runOnlyForDeploymentPostprocessing = 0;
		};
		1CA02C192A7DA0EE00FCC929 /* Frameworks */ = {
			isa = PBXFrameworksBuildPhase;
			buildActionMask = 2147483647;
			files = (
			);
			runOnlyForDeploymentPostprocessing = 0;
		};
		1CA02C232A7DA0EE00FCC929 /* Frameworks */ = {
			isa = PBXFrameworksBuildPhase;
			buildActionMask = 2147483647;
			files = (
			);
			runOnlyForDeploymentPostprocessing = 0;
		};
/* End PBXFrameworksBuildPhase section */

/* Begin PBXGroup section */
		1CA02C032A7DA0ED00FCC929 = {
			isa = PBXGroup;
			children = (
				1CA02C392A7DA1DD00FCC929 /* Packages */,
				1CA02C0E2A7DA0ED00FCC929 /* app-iOS */,
				1CA02C1F2A7DA0EE00FCC929 /* app-iOSTests */,
				1CA02C292A7DA0EE00FCC929 /* app-iOSUITests */,
				1CA02C0D2A7DA0ED00FCC929 /* Products */,
			);
			sourceTree = "<group>";
		};
		1CA02C0D2A7DA0ED00FCC929 /* Products */ = {
			isa = PBXGroup;
			children = (
				1CA02C0C2A7DA0ED00FCC929 /* app-iOS.app */,
				1CA02C1C2A7DA0EE00FCC929 /* app-iOSTests.xctest */,
				1CA02C262A7DA0EE00FCC929 /* app-iOSUITests.xctest */,
			);
			name = Products;
			sourceTree = "<group>";
		};
		1CA02C0E2A7DA0ED00FCC929 /* app-iOS */ = {
			isa = PBXGroup;
			children = (
				1CA02C0F2A7DA0ED00FCC929 /* app_iOSApp.swift */,
				1CA02C112A7DA0ED00FCC929 /* ContentView.swift */,
				1CA02C132A7DA0EE00FCC929 /* Assets.xcassets */,
				1CA02C152A7DA0EE00FCC929 /* Preview Content */,
			);
			path = "app-iOS";
			sourceTree = "<group>";
		};
		1CA02C152A7DA0EE00FCC929 /* Preview Content */ = {
			isa = PBXGroup;
			children = (
				1CA02C162A7DA0EE00FCC929 /* Preview Assets.xcassets */,
			);
			path = "Preview Content";
			sourceTree = "<group>";
		};
		1CA02C1F2A7DA0EE00FCC929 /* app-iOSTests */ = {
			isa = PBXGroup;
			children = (
				1CA02C202A7DA0EE00FCC929 /* app_iOSTests.swift */,
			);
			path = "app-iOSTests";
			sourceTree = "<group>";
		};
		1CA02C292A7DA0EE00FCC929 /* app-iOSUITests */ = {
			isa = PBXGroup;
			children = (
				1CA02C2A2A7DA0EE00FCC929 /* app_iOSUITests.swift */,
				1CA02C2C2A7DA0EE00FCC929 /* app_iOSUITestsLaunchTests.swift */,
			);
			path = "app-iOSUITests";
			sourceTree = "<group>";
		};
		1CA02C392A7DA1DD00FCC929 /* Packages */ = {
			isa = PBXGroup;
			children = (
			);
			name = Packages;
			sourceTree = "<group>";
		};
/* End PBXGroup section */

/* Begin PBXNativeTarget section */
		1CA02C0B2A7DA0ED00FCC929 /* app-iOS */ = {
			isa = PBXNativeTarget;
			buildConfigurationList = 1CA02C302A7DA0EE00FCC929 /* Build configuration list for PBXNativeTarget "app-iOS" */;
			buildPhases = (
				1CA02C082A7DA0ED00FCC929 /* Sources */,
				1CA02C092A7DA0ED00FCC929 /* Frameworks */,
				1CA02C0A2A7DA0ED00FCC929 /* Resources */,
			);
			buildRules = (
			);
			dependencies = (
			);
			name = "app-iOS";
			productName = "app-iOS";
			productReference = 1CA02C0C2A7DA0ED00FCC929 /* app-iOS.app */;
			productType = "com.apple.product-type.application";
		};
		1CA02C1B2A7DA0EE00FCC929 /* app-iOSTests */ = {
			isa = PBXNativeTarget;
			buildConfigurationList = 1CA02C332A7DA0EE00FCC929 /* Build configuration list for PBXNativeTarget "app-iOSTests" */;
			buildPhases = (
				1CA02C182A7DA0EE00FCC929 /* Sources */,
				1CA02C192A7DA0EE00FCC929 /* Frameworks */,
				1CA02C1A2A7DA0EE00FCC929 /* Resources */,
			);
			buildRules = (
			);
			dependencies = (
				1CA02C1E2A7DA0EE00FCC929 /* PBXTargetDependency */,
			);
			name = "app-iOSTests";
			productName = "app-iOSTests";
			productReference = 1CA02C1C2A7DA0EE00FCC929 /* app-iOSTests.xctest */;
			productType = "com.apple.product-type.bundle.unit-test";
		};
		1CA02C252A7DA0EE00FCC929 /* app-iOSUITests */ = {
			isa = PBXNativeTarget;
			buildConfigurationList = 1CA02C362A7DA0EE00FCC929 /* Build configuration list for PBXNativeTarget "app-iOSUITests" */;
			buildPhases = (
				1CA02C222A7DA0EE00FCC929 /* Sources */,
				1CA02C232A7DA0EE00FCC929 /* Frameworks */,
				1CA02C242A7DA0EE00FCC929 /* Resources */,
			);
			buildRules = (
			);
			dependencies = (
				1CA02C282A7DA0EE00FCC929 /* PBXTargetDependency */,
			);
			name = "app-iOSUITests";
			productName = "app-iOSUITests";
			productReference = 1CA02C262A7DA0EE00FCC929 /* app-iOSUITests.xctest */;
			productType = "com.apple.product-type.bundle.ui-testing";
		};
/* End PBXNativeTarget section */

/* Begin PBXProject section */
		1CA02C042A7DA0ED00FCC929 /* Project object */ = {
			isa = PBXProject;
			attributes = {
				BuildIndependentTargetsInParallel = 1;
				LastSwiftUpdateCheck = 1430;
				LastUpgradeCheck = 1430;
				TargetAttributes = {
					1CA02C0B2A7DA0ED00FCC929 = {
						CreatedOnToolsVersion = 14.3.1;
					};
					1CA02C1B2A7DA0EE00FCC929 = {
						CreatedOnToolsVersion = 14.3.1;
						TestTargetID = 1CA02C0B2A7DA0ED00FCC929;
					};
					1CA02C252A7DA0EE00FCC929 = {
						CreatedOnToolsVersion = 14.3.1;
						TestTargetID = 1CA02C0B2A7DA0ED00FCC929;
					};
				};
			};
			buildConfigurationList = 1CA02C072A7DA0ED00FCC929 /* Build configuration list for PBXProject "app-iOS" */;
			compatibilityVersion = "Xcode 14.0";
			developmentRegion = en;
			hasScannedForEncodings = 0;
			knownRegions = (
				en,
				Base,
			);
			mainGroup = 1CA02C032A7DA0ED00FCC929;
			productRefGroup = 1CA02C0D2A7DA0ED00FCC929 /* Products */;
			projectDirPath = "";
			projectRoot = "";
			targets = (
				1CA02C0B2A7DA0ED00FCC929 /* app-iOS */,
				1CA02C1B2A7DA0EE00FCC929 /* app-iOSTests */,
				1CA02C252A7DA0EE00FCC929 /* app-iOSUITests */,
			);
		};
/* End PBXProject section */

/* Begin PBXResourcesBuildPhase section */
		1CA02C0A2A7DA0ED00FCC929 /* Resources */ = {
			isa = PBXResourcesBuildPhase;
			buildActionMask = 2147483647;
			files = (
				1CA02C172A7DA0EE00FCC929 /* Preview Assets.xcassets in Resources */,
				1CA02C142A7DA0EE00FCC929 /* Assets.xcassets in Resources */,
			);
			runOnlyForDeploymentPostprocessing = 0;
		};
		1CA02C1A2A7DA0EE00FCC929 /* Resources */ = {
			isa = PBXResourcesBuildPhase;
			buildActionMask = 2147483647;
			files = (
			);
			runOnlyForDeploymentPostprocessing = 0;
		};
		1CA02C242A7DA0EE00FCC929 /* Resources */ = {
			isa = PBXResourcesBuildPhase;
			buildActionMask = 2147483647;
			files = (
			);
			runOnlyForDeploymentPostprocessing = 0;
		};
/* End PBXResourcesBuildPhase section */

/* Begin PBXSourcesBuildPhase section */
		1CA02C082A7DA0ED00FCC929 /* Sources */ = {
			isa = PBXSourcesBuildPhase;
			buildActionMask = 2147483647;
			files = (
				1CA02C122A7DA0ED00FCC929 /* ContentView.swift in Sources */,
				1CA02C102A7DA0ED00FCC929 /* app_iOSApp.swift in Sources */,
			);
			runOnlyForDeploymentPostprocessing = 0;
		};
		1CA02C182A7DA0EE00FCC929 /* Sources */ = {
			isa = PBXSourcesBuildPhase;
			buildActionMask = 2147483647;
			files = (
				1CA02C212A7DA0EE00FCC929 /* app_iOSTests.swift in Sources */,
			);
			runOnlyForDeploymentPostprocessing = 0;
		};
		1CA02C222A7DA0EE00FCC929 /* Sources */ = {
			isa = PBXSourcesBuildPhase;
			buildActionMask = 2147483647;
			files = (
				1CA02C2D2A7DA0EE00FCC929 /* app_iOSUITestsLaunchTests.swift in Sources */,
				1CA02C2B2A7DA0EE00FCC929 /* app_iOSUITests.swift in Sources */,
			);
			runOnlyForDeploymentPostprocessing = 0;
		};
/* End PBXSourcesBuildPhase section */

/* Begin PBXTargetDependency section */
		1CA02C1E2A7DA0EE00FCC929 /* PBXTargetDependency */ = {
			isa = PBXTargetDependency;
			target = 1CA02C0B2A7DA0ED00FCC929 /* app-iOS */;
			targetProxy = 1CA02C1D2A7DA0EE00FCC929 /* PBXContainerItemProxy */;
		};
		1CA02C282A7DA0EE00FCC929 /* PBXTargetDependency */ = {
			isa = PBXTargetDependency;
			target = 1CA02C0B2A7DA0ED00FCC929 /* app-iOS */;
			targetProxy = 1CA02C272A7DA0EE00FCC929 /* PBXContainerItemProxy */;
		};
/* End PBXTargetDependency section */

/* Begin XCBuildConfiguration section */
		1CA02C2E2A7DA0EE00FCC929 /* Debug */ = {
			isa = XCBuildConfiguration;
			buildSettings = {
				ALWAYS_SEARCH_USER_PATHS = NO;
				CLANG_ANALYZER_NONNULL = YES;
				CLANG_ANALYZER_NUMBER_OBJECT_CONVERSION = YES_AGGRESSIVE;
				CLANG_CXX_LANGUAGE_STANDARD = "gnu++20";
				CLANG_ENABLE_MODULES = YES;
				CLANG_ENABLE_OBJC_ARC = YES;
				CLANG_ENABLE_OBJC_WEAK = YES;
				CLANG_WARN_BLOCK_CAPTURE_AUTORELEASING = YES;
				CLANG_WARN_BOOL_CONVERSION = YES;
				CLANG_WARN_COMMA = YES;
				CLANG_WARN_CONSTANT_CONVERSION = YES;
				CLANG_WARN_DEPRECATED_OBJC_IMPLEMENTATIONS = YES;
				CLANG_WARN_DIRECT_OBJC_ISA_USAGE = YES_ERROR;
				CLANG_WARN_DOCUMENTATION_COMMENTS = YES;
				CLANG_WARN_EMPTY_BODY = YES;
				CLANG_WARN_ENUM_CONVERSION = YES;
				CLANG_WARN_INFINITE_RECURSION = YES;
				CLANG_WARN_INT_CONVERSION = YES;
				CLANG_WARN_NON_LITERAL_NULL_CONVERSION = YES;
				CLANG_WARN_OBJC_IMPLICIT_RETAIN_SELF = YES;
				CLANG_WARN_OBJC_LITERAL_CONVERSION = YES;
				CLANG_WARN_OBJC_ROOT_CLASS = YES_ERROR;
				CLANG_WARN_QUOTED_INCLUDE_IN_FRAMEWORK_HEADER = YES;
				CLANG_WARN_RANGE_LOOP_ANALYSIS = YES;
				CLANG_WARN_STRICT_PROTOTYPES = YES;
				CLANG_WARN_SUSPICIOUS_MOVE = YES;
				CLANG_WARN_UNGUARDED_AVAILABILITY = YES_AGGRESSIVE;
				CLANG_WARN_UNREACHABLE_CODE = YES;
				CLANG_WARN__DUPLICATE_METHOD_MATCH = YES;
				COPY_PHASE_STRIP = NO;
				DEBUG_INFORMATION_FORMAT = dwarf;
				ENABLE_STRICT_OBJC_MSGSEND = YES;
				ENABLE_TESTABILITY = YES;
				GCC_C_LANGUAGE_STANDARD = gnu11;
				GCC_DYNAMIC_NO_PIC = NO;
				GCC_NO_COMMON_BLOCKS = YES;
				GCC_OPTIMIZATION_LEVEL = 0;
				GCC_PREPROCESSOR_DEFINITIONS = (
					"DEBUG=1",
					"$(inherited)",
				);
				GCC_WARN_64_TO_32_BIT_CONVERSION = YES;
				GCC_WARN_ABOUT_RETURN_TYPE = YES_ERROR;
				GCC_WARN_UNDECLARED_SELECTOR = YES;
				GCC_WARN_UNINITIALIZED_AUTOS = YES_AGGRESSIVE;
				GCC_WARN_UNUSED_FUNCTION = YES;
				GCC_WARN_UNUSED_VARIABLE = YES;
				IPHONEOS_DEPLOYMENT_TARGET = 16.4;
				MTL_ENABLE_DEBUG_INFO = INCLUDE_SOURCE;
				MTL_FAST_MATH = YES;
				ONLY_ACTIVE_ARCH = YES;
				SDKROOT = iphoneos;
				SWIFT_ACTIVE_COMPILATION_CONDITIONS = DEBUG;
				SWIFT_OPTIMIZATION_LEVEL = "-Onone";
			};
			name = Debug;
		};
		1CA02C2F2A7DA0EE00FCC929 /* Release */ = {
			isa = XCBuildConfiguration;
			buildSettings = {
				ALWAYS_SEARCH_USER_PATHS = NO;
				CLANG_ANALYZER_NONNULL = YES;
				CLANG_ANALYZER_NUMBER_OBJECT_CONVERSION = YES_AGGRESSIVE;
				CLANG_CXX_LANGUAGE_STANDARD = "gnu++20";
				CLANG_ENABLE_MODULES = YES;
				CLANG_ENABLE_OBJC_ARC = YES;
				CLANG_ENABLE_OBJC_WEAK = YES;
				CLANG_WARN_BLOCK_CAPTURE_AUTORELEASING = YES;
				CLANG_WARN_BOOL_CONVERSION = YES;
				CLANG_WARN_COMMA = YES;
				CLANG_WARN_CONSTANT_CONVERSION = YES;
				CLANG_WARN_DEPRECATED_OBJC_IMPLEMENTATIONS = YES;
				CLANG_WARN_DIRECT_OBJC_ISA_USAGE = YES_ERROR;
				CLANG_WARN_DOCUMENTATION_COMMENTS = YES;
				CLANG_WARN_EMPTY_BODY = YES;
				CLANG_WARN_ENUM_CONVERSION = YES;
				CLANG_WARN_INFINITE_RECURSION = YES;
				CLANG_WARN_INT_CONVERSION = YES;
				CLANG_WARN_NON_LITERAL_NULL_CONVERSION = YES;
				CLANG_WARN_OBJC_IMPLICIT_RETAIN_SELF = YES;
				CLANG_WARN_OBJC_LITERAL_CONVERSION = YES;
				CLANG_WARN_OBJC_ROOT_CLASS = YES_ERROR;
				CLANG_WARN_QUOTED_INCLUDE_IN_FRAMEWORK_HEADER = YES;
				CLANG_WARN_RANGE_LOOP_ANALYSIS = YES;
				CLANG_WARN_STRICT_PROTOTYPES = YES;
				CLANG_WARN_SUSPICIOUS_MOVE = YES;
				CLANG_WARN_UNGUARDED_AVAILABILITY = YES_AGGRESSIVE;
				CLANG_WARN_UNREACHABLE_CODE = YES;
				CLANG_WARN__DUPLICATE_METHOD_MATCH = YES;
				COPY_PHASE_STRIP = NO;
				DEBUG_INFORMATION_FORMAT = "dwarf-with-dsym";
				ENABLE_NS_ASSERTIONS = NO;
				ENABLE_STRICT_OBJC_MSGSEND = YES;
				GCC_C_LANGUAGE_STANDARD = gnu11;
				GCC_NO_COMMON_BLOCKS = YES;
				GCC_WARN_64_TO_32_BIT_CONVERSION = YES;
				GCC_WARN_ABOUT_RETURN_TYPE = YES_ERROR;
				GCC_WARN_UNDECLARED_SELECTOR = YES;
				GCC_WARN_UNINITIALIZED_AUTOS = YES_AGGRESSIVE;
				GCC_WARN_UNUSED_FUNCTION = YES;
				GCC_WARN_UNUSED_VARIABLE = YES;
				IPHONEOS_DEPLOYMENT_TARGET = 16.4;
				MTL_ENABLE_DEBUG_INFO = NO;
				MTL_FAST_MATH = YES;
				SDKROOT = iphoneos;
				SWIFT_COMPILATION_MODE = wholemodule;
				SWIFT_OPTIMIZATION_LEVEL = "-O";
				VALIDATE_PRODUCT = YES;
			};
			name = Release;
		};
		1CA02C312A7DA0EE00FCC929 /* Debug */ = {
			isa = XCBuildConfiguration;
			buildSettings = {
				ASSETCATALOG_COMPILER_APPICON_NAME = AppIcon;
				ASSETCATALOG_COMPILER_GLOBAL_ACCENT_COLOR_NAME = AccentColor;
				CODE_SIGN_STYLE = Automatic;
				CURRENT_PROJECT_VERSION = 1;
				DEVELOPMENT_ASSET_PATHS = "\"app-iOS/Preview Content\"";
				ENABLE_PREVIEWS = YES;
				GENERATE_INFOPLIST_FILE = YES;
				INFOPLIST_KEY_UIApplicationSceneManifest_Generation = YES;
				INFOPLIST_KEY_UIApplicationSupportsIndirectInputEvents = YES;
				INFOPLIST_KEY_UILaunchScreen_Generation = YES;
				INFOPLIST_KEY_UISupportedInterfaceOrientations_iPad = "UIInterfaceOrientationPortrait UIInterfaceOrientationPortraitUpsideDown UIInterfaceOrientationLandscapeLeft UIInterfaceOrientationLandscapeRight";
				INFOPLIST_KEY_UISupportedInterfaceOrientations_iPhone = "UIInterfaceOrientationPortrait UIInterfaceOrientationLandscapeLeft UIInterfaceOrientationLandscapeRight";
				LD_RUNPATH_SEARCH_PATHS = (
					"$(inherited)",
					"@executable_path/Frameworks",
				);
				MARKETING_VERSION = 1.0;
				PRODUCT_BUNDLE_IDENTIFIER = "VicKbt.app-iOS";
				PRODUCT_NAME = "$(TARGET_NAME)";
				SWIFT_EMIT_LOC_STRINGS = YES;
				SWIFT_VERSION = 5.0;
				TARGETED_DEVICE_FAMILY = "1,2";
			};
			name = Debug;
		};
		1CA02C322A7DA0EE00FCC929 /* Release */ = {
			isa = XCBuildConfiguration;
			buildSettings = {
				ASSETCATALOG_COMPILER_APPICON_NAME = AppIcon;
				ASSETCATALOG_COMPILER_GLOBAL_ACCENT_COLOR_NAME = AccentColor;
				CODE_SIGN_STYLE = Automatic;
				CURRENT_PROJECT_VERSION = 1;
				DEVELOPMENT_ASSET_PATHS = "\"app-iOS/Preview Content\"";
				ENABLE_PREVIEWS = YES;
				GENERATE_INFOPLIST_FILE = YES;
				INFOPLIST_KEY_UIApplicationSceneManifest_Generation = YES;
				INFOPLIST_KEY_UIApplicationSupportsIndirectInputEvents = YES;
				INFOPLIST_KEY_UILaunchScreen_Generation = YES;
				INFOPLIST_KEY_UISupportedInterfaceOrientations_iPad = "UIInterfaceOrientationPortrait UIInterfaceOrientationPortraitUpsideDown UIInterfaceOrientationLandscapeLeft UIInterfaceOrientationLandscapeRight";
				INFOPLIST_KEY_UISupportedInterfaceOrientations_iPhone = "UIInterfaceOrientationPortrait UIInterfaceOrientationLandscapeLeft UIInterfaceOrientationLandscapeRight";
				LD_RUNPATH_SEARCH_PATHS = (
					"$(inherited)",
					"@executable_path/Frameworks",
				);
				MARKETING_VERSION = 1.0;
				PRODUCT_BUNDLE_IDENTIFIER = "VicKbt.app-iOS";
				PRODUCT_NAME = "$(TARGET_NAME)";
				SWIFT_EMIT_LOC_STRINGS = YES;
				SWIFT_VERSION = 5.0;
				TARGETED_DEVICE_FAMILY = "1,2";
			};
			name = Release;
		};
		1CA02C342A7DA0EE00FCC929 /* Debug */ = {
			isa = XCBuildConfiguration;
			buildSettings = {
				ALWAYS_EMBED_SWIFT_STANDARD_LIBRARIES = YES;
				BUNDLE_LOADER = "$(TEST_HOST)";
				CODE_SIGN_STYLE = Automatic;
				CURRENT_PROJECT_VERSION = 1;
				GENERATE_INFOPLIST_FILE = YES;
				IPHONEOS_DEPLOYMENT_TARGET = 16.4;
				MARKETING_VERSION = 1.0;
				PRODUCT_BUNDLE_IDENTIFIER = "VicKbt.app-iOSTests";
				PRODUCT_NAME = "$(TARGET_NAME)";
				SWIFT_EMIT_LOC_STRINGS = NO;
				SWIFT_VERSION = 5.0;
				TARGETED_DEVICE_FAMILY = "1,2";
				TEST_HOST = "$(BUILT_PRODUCTS_DIR)/app-iOS.app/$(BUNDLE_EXECUTABLE_FOLDER_PATH)/app-iOS";
			};
			name = Debug;
		};
		1CA02C352A7DA0EE00FCC929 /* Release */ = {
			isa = XCBuildConfiguration;
			buildSettings = {
				ALWAYS_EMBED_SWIFT_STANDARD_LIBRARIES = YES;
				BUNDLE_LOADER = "$(TEST_HOST)";
				CODE_SIGN_STYLE = Automatic;
				CURRENT_PROJECT_VERSION = 1;
				GENERATE_INFOPLIST_FILE = YES;
				IPHONEOS_DEPLOYMENT_TARGET = 16.4;
				MARKETING_VERSION = 1.0;
				PRODUCT_BUNDLE_IDENTIFIER = "VicKbt.app-iOSTests";
				PRODUCT_NAME = "$(TARGET_NAME)";
				SWIFT_EMIT_LOC_STRINGS = NO;
				SWIFT_VERSION = 5.0;
				TARGETED_DEVICE_FAMILY = "1,2";
				TEST_HOST = "$(BUILT_PRODUCTS_DIR)/app-iOS.app/$(BUNDLE_EXECUTABLE_FOLDER_PATH)/app-iOS";
			};
			name = Release;
		};
		1CA02C372A7DA0EE00FCC929 /* Debug */ = {
			isa = XCBuildConfiguration;
			buildSettings = {
				ALWAYS_EMBED_SWIFT_STANDARD_LIBRARIES = YES;
				CODE_SIGN_STYLE = Automatic;
				CURRENT_PROJECT_VERSION = 1;
				GENERATE_INFOPLIST_FILE = YES;
				MARKETING_VERSION = 1.0;
				PRODUCT_BUNDLE_IDENTIFIER = "VicKbt.app-iOSUITests";
				PRODUCT_NAME = "$(TARGET_NAME)";
				SWIFT_EMIT_LOC_STRINGS = NO;
				SWIFT_VERSION = 5.0;
				TARGETED_DEVICE_FAMILY = "1,2";
				TEST_TARGET_NAME = "app-iOS";
			};
			name = Debug;
		};
		1CA02C382A7DA0EE00FCC929 /* Release */ = {
			isa = XCBuildConfiguration;
			buildSettings = {
				ALWAYS_EMBED_SWIFT_STANDARD_LIBRARIES = YES;
				CODE_SIGN_STYLE = Automatic;
				CURRENT_PROJECT_VERSION = 1;
				GENERATE_INFOPLIST_FILE = YES;
				MARKETING_VERSION = 1.0;
				PRODUCT_BUNDLE_IDENTIFIER = "VicKbt.app-iOSUITests";
				PRODUCT_NAME = "$(TARGET_NAME)";
				SWIFT_EMIT_LOC_STRINGS = NO;
				SWIFT_VERSION = 5.0;
				TARGETED_DEVICE_FAMILY = "1,2";
				TEST_TARGET_NAME = "app-iOS";
			};
			name = Release;
		};
/* End XCBuildConfiguration section */

/* Begin XCConfigurationList section */
		1CA02C072A7DA0ED00FCC929 /* Build configuration list for PBXProject "app-iOS" */ = {
			isa = XCConfigurationList;
			buildConfigurations = (
				1CA02C2E2A7DA0EE00FCC929 /* Debug */,
				1CA02C2F2A7DA0EE00FCC929 /* Release */,
			);
			defaultConfigurationIsVisible = 0;
			defaultConfigurationName = Release;
		};
		1CA02C302A7DA0EE00FCC929 /* Build configuration list for PBXNativeTarget "app-iOS" */ = {
			isa = XCConfigurationList;
			buildConfigurations = (
				1CA02C312A7DA0EE00FCC929 /* Debug */,
				1CA02C322A7DA0EE00FCC929 /* Release */,
			);
			defaultConfigurationIsVisible = 0;
			defaultConfigurationName = Release;
		};
		1CA02C332A7DA0EE00FCC929 /* Build configuration list for PBXNativeTarget "app-iOSTests" */ = {
			isa = XCConfigurationList;
			buildConfigurations = (
				1CA02C342A7DA0EE00FCC929 /* Debug */,
				1CA02C352A7DA0EE00FCC929 /* Release */,
			);
			defaultConfigurationIsVisible = 0;
			defaultConfigurationName = Release;
		};
		1CA02C362A7DA0EE00FCC929 /* Build configuration list for PBXNativeTarget "app-iOSUITests" */ = {
			isa = XCConfigurationList;
			buildConfigurations = (
				1CA02C372A7DA0EE00FCC929 /* Debug */,
				1CA02C382A7DA0EE00FCC929 /* Release */,
			);
			defaultConfigurationIsVisible = 0;
			defaultConfigurationName = Release;
		};
/* End XCConfigurationList section */
	};
	rootObject = 1CA02C042A7DA0ED00FCC929 /* Project object */;
}
